
Microsoft Visual Studio Solution File, Format Version 12.00
# Visual Studio Version 17
VisualStudioVersion = 17.9.34607.119
MinimumVisualStudioVersion = 10.0.40219.1
Project("{9A19103F-16F7-4668-BE54-9A1E7A4F7556}") = "TAREA SEMANA 2#", "TAREA SEMANA 2#.csproj", "{4FEE963B-DC4F-4F94-9550-45E79E6D2818}"
EndProject
Project("{FAE04EC0-301F-11D3-BF4B-00C04F79EFBC}") = "OPERACIONES CON TIPOS DE DATOSS", "..\OPERACIONES CON TIPOS DE DATOSS\OPERACIONES CON TIPOS DE DATOSS.csproj", "{B2823ED6-78F6-46D2-BE1A-160CC569A417}"
EndProject
Project("{FAE04EC0-301F-11D3-BF4B-00C04F79EFBC}") = "USO DE CHAR Y STRINGG", "..\USO DE CHAR Y STRINGG\USO DE CHAR Y STRINGG.csproj", "{F82CE297-41B9-4140-A1DE-BBDADA589347}"
EndProject
Project("{FAE04EC0-301F-11D3-BF4B-00C04F79EFBC}") = "USO DE TIPOS DE DATOS NUMÉRICOSS", "..\USO DE TIPOS DE DATOS NUMÉRICOSS\USO DE TIPOS DE DATOS NUMÉRICOSS.csproj", "{20E7DED5-D3C6-4F98-BB56-35ED9382519F}"
EndProject
Global
	GlobalSection(SolutionConfigurationPlatforms) = preSolution
		Debug|Any CPU = Debug|Any CPU
		Release|Any CPU = Release|Any CPU
	EndGlobalSection
	GlobalSection(ProjectConfigurationPlatforms) = postSolution
		{4FEE963B-DC4F-4F94-9550-45E79E6D2818}.Debug|Any CPU.ActiveCfg = Debug|Any CPU
		{4FEE963B-DC4F-4F94-9550-45E79E6D2818}.Debug|Any CPU.Build.0 = Debug|Any CPU
		{4FEE963B-DC4F-4F94-9550-45E79E6D2818}.Release|Any CPU.ActiveCfg = Release|Any CPU
		{4FEE963B-DC4F-4F94-9550-45E79E6D2818}.Release|Any CPU.Build.0 = Release|Any CPU
		{B2823ED6-78F6-46D2-BE1A-160CC569A417}.Debug|Any CPU.ActiveCfg = Debug|Any CPU
		{B2823ED6-78F6-46D2-BE1A-160CC569A417}.Debug|Any CPU.Build.0 = Debug|Any CPU
		{B2823ED6-78F6-46D2-BE1A-160CC569A417}.Release|Any CPU.ActiveCfg = Release|Any CPU
		{B2823ED6-78F6-46D2-BE1A-160CC569A417}.Release|Any CPU.Build.0 = Release|Any CPU
		{F82CE297-41B9-4140-A1DE-BBDADA589347}.Debug|Any CPU.ActiveCfg = Debug|Any CPU
		{F82CE297-41B9-4140-A1DE-BBDADA589347}.Debug|Any CPU.Build.0 = Debug|Any CPU
		{F82CE297-41B9-4140-A1DE-BBDADA589347}.Release|Any CPU.ActiveCfg = Release|Any CPU
		{F82CE297-41B9-4140-A1DE-BBDADA589347}.Release|Any CPU.Build.0 = Release|Any CPU
		{20E7DED5-D3C6-4F98-BB56-35ED9382519F}.Debug|Any CPU.ActiveCfg = Debug|Any CPU
		{20E7DED5-D3C6-4F98-BB56-35ED9382519F}.Debug|Any CPU.Build.0 = Debug|Any CPU
		{20E7DED5-D3C6-4F98-BB56-35ED9382519F}.Release|Any CPU.ActiveCfg = Release|Any CPU
		{20E7DED5-D3C6-4F98-BB56-35ED9382519F}.Release|Any CPU.Build.0 = Release|Any CPU
	EndGlobalSection
	GlobalSection(SolutionProperties) = preSolution
		HideSolutionNode = FALSE
	EndGlobalSection
	GlobalSection(ExtensibilityGlobals) = postSolution
		SolutionGuid = {D878B9B6-A923-4D4F-AEA4-ECF8A60ABF41}
	EndGlobalSection
EndGlobal
